
Microsoft Visual Studio Solution File, Format Version 11.00
# Visual Studio 2010
Project("{FAE04EC0-301F-11D3-BF4B-00C04F79EFBC}") = "Assembly-CSharp", "Assembly-CSharp.csproj", "{68806C74-7339-8592-BE2A-19E78293173A}"
EndProject
Project("{FAE04EC0-301F-11D3-BF4B-00C04F79EFBC}") = "Assembly-CSharp-Editor", "Assembly-CSharp-Editor.csproj", "{9080942D-5F39-B350-EF94-8A3B9F2EECB7}"
EndProject
Global
	GlobalSection(SolutionConfigurationPlatforms) = preSolution
		Debug|Any CPU = Debug|Any CPU
		Release|Any CPU = Release|Any CPU
	EndGlobalSection
	GlobalSection(ProjectConfigurationPlatforms) = postSolution
		{68806C74-7339-8592-BE2A-19E78293173A}.Debug|Any CPU.ActiveCfg = Debug|Any CPU
		{68806C74-7339-8592-BE2A-19E78293173A}.Debug|Any CPU.Build.0 = Debug|Any CPU
		{68806C74-7339-8592-BE2A-19E78293173A}.Release|Any CPU.ActiveCfg = Release|Any CPU
		{68806C74-7339-8592-BE2A-19E78293173A}.Release|Any CPU.Build.0 = Release|Any CPU
		{9080942D-5F39-B350-EF94-8A3B9F2EECB7}.Debug|Any CPU.ActiveCfg = Debug|Any CPU
		{9080942D-5F39-B350-EF94-8A3B9F2EECB7}.Debug|Any CPU.Build.0 = Debug|Any CPU
		{9080942D-5F39-B350-EF94-8A3B9F2EECB7}.Release|Any CPU.ActiveCfg = Release|Any CPU
		{9080942D-5F39-B350-EF94-8A3B9F2EECB7}.Release|Any CPU.Build.0 = Release|Any CPU
	EndGlobalSection
	GlobalSection(SolutionProperties) = preSolution
		HideSolutionNode = FALSE
	EndGlobalSection
EndGlobal
